// !$*UTF8*$!
{
	archiveVersion = 1;
	classes = {
	};
	objectVersion = 46;
	objects = {

/* Begin PBXBuildFile section */
		84D998EE1A4F5ED800B2ACBA /* AppDelegate.swift in Sources */ = {isa = PBXBuildFile; fileRef = 84D998ED1A4F5ED800B2ACBA /* AppDelegate.swift */; };
		84D998F11A4F5ED800B2ACBA /* Postcard.xcdatamodeld in Sources */ = {isa = PBXBuildFile; fileRef = 84D998EF1A4F5ED800B2ACBA /* Postcard.xcdatamodeld */; };
		84D998F31A4F5ED800B2ACBA /* ViewController.swift in Sources */ = {isa = PBXBuildFile; fileRef = 84D998F21A4F5ED800B2ACBA /* ViewController.swift */; };
		84D998F61A4F5ED800B2ACBA /* Main.storyboard in Resources */ = {isa = PBXBuildFile; fileRef = 84D998F41A4F5ED800B2ACBA /* Main.storyboard */; };
		84D998F81A4F5ED800B2ACBA /* Images.xcassets in Resources */ = {isa = PBXBuildFile; fileRef = 84D998F71A4F5ED800B2ACBA /* Images.xcassets */; };
		84D998FB1A4F5ED800B2ACBA /* LaunchScreen.xib in Resources */ = {isa = PBXBuildFile; fileRef = 84D998F91A4F5ED800B2ACBA /* LaunchScreen.xib */; };
		84D999071A4F5ED800B2ACBA /* PostcardTests.swift in Sources */ = {isa = PBXBuildFile; fileRef = 84D999061A4F5ED800B2ACBA /* PostcardTests.swift */; };
		84D999111A4F65AB00B2ACBA /* SagradaFamilia.jpeg in Resources */ = {isa = PBXBuildFile; fileRef = 84D999101A4F65AB00B2ACBA /* SagradaFamilia.jpeg */; };
		84D999131A4F6BEC00B2ACBA /* AlbertEinsteinStamp.jpg in Resources */ = {isa = PBXBuildFile; fileRef = 84D999121A4F6BEC00B2ACBA /* AlbertEinsteinStamp.jpg */; };
/* End PBXBuildFile section */

/* Begin PBXContainerItemProxy section */
		84D999011A4F5ED800B2ACBA /* PBXContainerItemProxy */ = {
			isa = PBXContainerItemProxy;
			containerPortal = 84D998E01A4F5ED800B2ACBA /* Project object */;
			proxyType = 1;
			remoteGlobalIDString = 84D998E71A4F5ED800B2ACBA;
			remoteInfo = Postcard;
		};
/* End PBXContainerItemProxy section */

/* Begin PBXFileReference section */
		84D998E81A4F5ED800B2ACBA /* Postcard.app */ = {isa = PBXFileReference; explicitFileType = wrapper.application; includeInIndex = 0; path = Postcard.app; sourceTree = BUILT_PRODUCTS_DIR; };
		84D998EC1A4F5ED800B2ACBA /* Info.plist */ = {isa = PBXFileReference; lastKnownFileType = text.plist.xml; path = Info.plist; sourceTree = "<group>"; };
		84D998ED1A4F5ED800B2ACBA /* AppDelegate.swift */ = {isa = PBXFileReference; lastKnownFileType = sourcecode.swift; path = AppDelegate.swift; sourceTree = "<group>"; };
		84D998F01A4F5ED800B2ACBA /* Postcard.xcdatamodel */ = {isa = PBXFileReference; lastKnownFileType = wrapper.xcdatamodel; path = Postcard.xcdatamodel; sourceTree = "<group>"; };
		84D998F21A4F5ED800B2ACBA /* ViewController.swift */ = {isa = PBXFileReference; lastKnownFileType = sourcecode.swift; path = ViewController.swift; sourceTree = "<group>"; };
		84D998F51A4F5ED800B2ACBA /* Base */ = {isa = PBXFileReference; lastKnownFileType = file.storyboard; name = Base; path = Base.lproj/Main.storyboard; sourceTree = "<group>"; };
		84D998F71A4F5ED800B2ACBA /* Images.xcassets */ = {isa = PBXFileReference; lastKnownFileType = folder.assetcatalog; path = Images.xcassets; sourceTree = "<group>"; };
		84D998FA1A4F5ED800B2ACBA /* Base */ = {isa = PBXFileReference; lastKnownFileType = file.xib; name = Base; path = Base.lproj/LaunchScreen.xib; sourceTree = "<group>"; };
		84D999001A4F5ED800B2ACBA /* PostcardTests.xctest */ = {isa = PBXFileReference; explicitFileType = wrapper.cfbundle; includeInIndex = 0; path = PostcardTests.xctest; sourceTree = BUILT_PRODUCTS_DIR; };
		84D999051A4F5ED800B2ACBA /* Info.plist */ = {isa = PBXFileReference; lastKnownFileType = text.plist.xml; path = Info.plist; sourceTree = "<group>"; };
		84D999061A4F5ED800B2ACBA /* PostcardTests.swift */ = {isa = PBXFileReference; lastKnownFileType = sourcecode.swift; path = PostcardTests.swift; sourceTree = "<group>"; };
		84D999101A4F65AB00B2ACBA /* SagradaFamilia.jpeg */ = {isa = PBXFileReference; lastKnownFileType = image.jpeg; path = SagradaFamilia.jpeg; sourceTree = "<group>"; };
		84D999121A4F6BEC00B2ACBA /* AlbertEinsteinStamp.jpg */ = {isa = PBXFileReference; lastKnownFileType = image.jpeg; path = AlbertEinsteinStamp.jpg; sourceTree = "<group>"; };
/* End PBXFileReference section */

/* Begin PBXFrameworksBuildPhase section */
		84D998E51A4F5ED800B2ACBA /* Frameworks */ = {
			isa = PBXFrameworksBuildPhase;
			buildActionMask = 2147483647;
			files = (
			);
			runOnlyForDeploymentPostprocessing = 0;
		};
		84D998FD1A4F5ED800B2ACBA /* Frameworks */ = {
			isa = PBXFrameworksBuildPhase;
			buildActionMask = 2147483647;
			files = (
			);
			runOnlyForDeploymentPostprocessing = 0;
		};
/* End PBXFrameworksBuildPhase section */

/* Begin PBXGroup section */
		84D998DF1A4F5ED800B2ACBA = {
			isa = PBXGroup;
			children = (
				84D998EA1A4F5ED800B2ACBA /* Postcard */,
				84D999031A4F5ED800B2ACBA /* PostcardTests */,
				84D998E91A4F5ED800B2ACBA /* Products */,
			);
			sourceTree = "<group>";
		};
		84D998E91A4F5ED800B2ACBA /* Products */ = {
			isa = PBXGroup;
			children = (
				84D998E81A4F5ED800B2ACBA /* Postcard.app */,
				84D999001A4F5ED800B2ACBA /* PostcardTests.xctest */,
			);
			name = Products;
			sourceTree = "<group>";
		};
		84D998EA1A4F5ED800B2ACBA /* Postcard */ = {
			isa = PBXGroup;
			children = (
				84D998ED1A4F5ED800B2ACBA /* AppDelegate.swift */,
				84D998F21A4F5ED800B2ACBA /* ViewController.swift */,
				84D998F41A4F5ED800B2ACBA /* Main.storyboard */,
				84D998F71A4F5ED800B2ACBA /* Images.xcassets */,
				84D998F91A4F5ED800B2ACBA /* LaunchScreen.xib */,
				84D998EF1A4F5ED800B2ACBA /* Postcard.xcdatamodeld */,
				84D998EB1A4F5ED800B2ACBA /* Supporting Files */,
			);
			path = Postcard;
			sourceTree = "<group>";
		};
		84D998EB1A4F5ED800B2ACBA /* Supporting Files */ = {
			isa = PBXGroup;
			children = (
				84D999121A4F6BEC00B2ACBA /* AlbertEinsteinStamp.jpg */,
				84D999101A4F65AB00B2ACBA /* SagradaFamilia.jpeg */,
				84D998EC1A4F5ED800B2ACBA /* Info.plist */,
			);
			name = "Supporting Files";
			sourceTree = "<group>";
		};
		84D999031A4F5ED800B2ACBA /* PostcardTests */ = {
			isa = PBXGroup;
			children = (
				84D999061A4F5ED800B2ACBA /* PostcardTests.swift */,
				84D999041A4F5ED800B2ACBA /* Supporting Files */,
			);
			path = PostcardTests;
			sourceTree = "<group>";
		};
		84D999041A4F5ED800B2ACBA /* Supporting Files */ = {
			isa = PBXGroup;
			children = (
				84D999051A4F5ED800B2ACBA /* Info.plist */,
			);
			name = "Supporting Files";
			sourceTree = "<group>";
		};
/* End PBXGroup section */

/* Begin PBXNativeTarget section */
		84D998E71A4F5ED800B2ACBA /* Postcard */ = {
			isa = PBXNativeTarget;
			buildConfigurationList = 84D9990A1A4F5ED800B2ACBA /* Build configuration list for PBXNativeTarget "Postcard" */;
			buildPhases = (
				84D998E41A4F5ED800B2ACBA /* Sources */,
				84D998E51A4F5ED800B2ACBA /* Frameworks */,
				84D998E61A4F5ED800B2ACBA /* Resources */,
			);
			buildRules = (
			);
			dependencies = (
			);
			name = Postcard;
			productName = Postcard;
			productReference = 84D998E81A4F5ED800B2ACBA /* Postcard.app */;
			productType = "com.apple.product-type.application";
		};
		84D998FF1A4F5ED800B2ACBA /* PostcardTests */ = {
			isa = PBXNativeTarget;
			buildConfigurationList = 84D9990D1A4F5ED800B2ACBA /* Build configuration list for PBXNativeTarget "PostcardTests" */;
			buildPhases = (
				84D998FC1A4F5ED800B2ACBA /* Sources */,
				84D998FD1A4F5ED800B2ACBA /* Frameworks */,
				84D998FE1A4F5ED800B2ACBA /* Resources */,
			);
			buildRules = (
			);
			dependencies = (
				84D999021A4F5ED800B2ACBA /* PBXTargetDependency */,
			);
			name = PostcardTests;
			productName = PostcardTests;
			productReference = 84D999001A4F5ED800B2ACBA /* PostcardTests.xctest */;
			productType = "com.apple.product-type.bundle.unit-test";
		};
/* End PBXNativeTarget section */

/* Begin PBXProject section */
		84D998E01A4F5ED800B2ACBA /* Project object */ = {
			isa = PBXProject;
			attributes = {
				LastUpgradeCheck = 0610;
				ORGANIZATIONNAME = "Donald Dupuis";
				TargetAttributes = {
					84D998E71A4F5ED800B2ACBA = {
						CreatedOnToolsVersion = 6.1.1;
						DevelopmentTeam = T6FDGRF986;
					};
					84D998FF1A4F5ED800B2ACBA = {
						CreatedOnToolsVersion = 6.1.1;
						TestTargetID = 84D998E71A4F5ED800B2ACBA;
					};
				};
			};
			buildConfigurationList = 84D998E31A4F5ED800B2ACBA /* Build configuration list for PBXProject "Postcard" */;
			compatibilityVersion = "Xcode 3.2";
			developmentRegion = English;
			hasScannedForEncodings = 0;
			knownRegions = (
				en,
				Base,
			);
			mainGroup = 84D998DF1A4F5ED800B2ACBA;
			productRefGroup = 84D998E91A4F5ED800B2ACBA /* Products */;
			projectDirPath = "";
			projectRoot = "";
			targets = (
				84D998E71A4F5ED800B2ACBA /* Postcard */,
				84D998FF1A4F5ED800B2ACBA /* PostcardTests */,
			);
		};
/* End PBXProject section */

/* Begin PBXResourcesBuildPhase section */
		84D998E61A4F5ED800B2ACBA /* Resources */ = {
			isa = PBXResourcesBuildPhase;
			buildActionMask = 2147483647;
			files = (
				84D998F61A4F5ED800B2ACBA /* Main.storyboard in Resources */,
				84D999111A4F65AB00B2ACBA /* SagradaFamilia.jpeg in Resources */,
				84D999131A4F6BEC00B2ACBA /* AlbertEinsteinStamp.jpg in Resources */,
				84D998FB1A4F5ED800B2ACBA /* LaunchScreen.xib in Resources */,
				84D998F81A4F5ED800B2ACBA /* Images.xcassets in Resources */,
			);
			runOnlyForDeploymentPostprocessing = 0;
		};
		84D998FE1A4F5ED800B2ACBA /* Resources */ = {
			isa = PBXResourcesBuildPhase;
			buildActionMask = 2147483647;
			files = (
			);
			runOnlyForDeploymentPostprocessing = 0;
		};
/* End PBXResourcesBuildPhase section */

/* Begin PBXSourcesBuildPhase section */
		84D998E41A4F5ED800B2ACBA /* Sources */ = {
			isa = PBXSourcesBuildPhase;
			buildActionMask = 2147483647;
			files = (
				84D998F31A4F5ED800B2ACBA /* ViewController.swift in Sources */,
				84D998EE1A4F5ED800B2ACBA /* AppDelegate.swift in Sources */,
				84D998F11A4F5ED800B2ACBA /* Postcard.xcdatamodeld in Sources */,
			);
			runOnlyForDeploymentPostprocessing = 0;
		};
		84D998FC1A4F5ED800B2ACBA /* Sources */ = {
			isa = PBXSourcesBuildPhase;
			buildActionMask = 2147483647;
			files = (
				84D999071A4F5ED800B2ACBA /* PostcardTests.swift in Sources */,
			);
			runOnlyForDeploymentPostprocessing = 0;
		};
/* End PBXSourcesBuildPhase section */

/* Begin PBXTargetDependency section */
		84D999021A4F5ED800B2ACBA /* PBXTargetDependency */ = {
			isa = PBXTargetDependency;
			target = 84D998E71A4F5ED800B2ACBA /* Postcard */;
			targetProxy = 84D999011A4F5ED800B2ACBA /* PBXContainerItemProxy */;
		};
/* End PBXTargetDependency section */

/* Begin PBXVariantGroup section */
		84D998F41A4F5ED800B2ACBA /* Main.storyboard */ = {
			isa = PBXVariantGroup;
			children = (
				84D998F51A4F5ED800B2ACBA /* Base */,
			);
			name = Main.storyboard;
			sourceTree = "<group>";
		};
		84D998F91A4F5ED800B2ACBA /* LaunchScreen.xib */ = {
			isa = PBXVariantGroup;
			children = (
				84D998FA1A4F5ED800B2ACBA /* Base */,
			);
			name = LaunchScreen.xib;
			sourceTree = "<group>";
		};
/* End PBXVariantGroup section */

/* Begin XCBuildConfiguration section */
		84D999081A4F5ED800B2ACBA /* Debug */ = {
			isa = XCBuildConfiguration;
			buildSettings = {
				ALWAYS_SEARCH_USER_PATHS = NO;
				CLANG_CXX_LANGUAGE_STANDARD = "gnu++0x";
				CLANG_CXX_LIBRARY = "libc++";
				CLANG_ENABLE_MODULES = YES;
				CLANG_ENABLE_OBJC_ARC = YES;
				CLANG_WARN_BOOL_CONVERSION = YES;
				CLANG_WARN_CONSTANT_CONVERSION = YES;
				CLANG_WARN_DIRECT_OBJC_ISA_USAGE = YES_ERROR;
				CLANG_WARN_EMPTY_BODY = YES;
				CLANG_WARN_ENUM_CONVERSION = YES;
				CLANG_WARN_INT_CONVERSION = YES;
				CLANG_WARN_OBJC_ROOT_CLASS = YES_ERROR;
				CLANG_WARN_UNREACHABLE_CODE = YES;
				CLANG_WARN__DUPLICATE_METHOD_MATCH = YES;
				"CODE_SIGN_IDENTITY[sdk=iphoneos*]" = "iPhone Developer";
				COPY_PHASE_STRIP = NO;
				ENABLE_STRICT_OBJC_MSGSEND = YES;
				GCC_C_LANGUAGE_STANDARD = gnu99;
				GCC_DYNAMIC_NO_PIC = NO;
				GCC_OPTIMIZATION_LEVEL = 0;
				GCC_PREPROCESSOR_DEFINITIONS = (
					"DEBUG=1",
					"$(inherited)",
				);
				GCC_SYMBOLS_PRIVATE_EXTERN = NO;
				GCC_WARN_64_TO_32_BIT_CONVERSION = YES;
				GCC_WARN_ABOUT_RETURN_TYPE = YES_ERROR;
				GCC_WARN_UNDECLARED_SELECTOR = YES;
				GCC_WARN_UNINITIALIZED_AUTOS = YES_AGGRESSIVE;
				GCC_WARN_UNUSED_FUNCTION = YES;
				GCC_WARN_UNUSED_VARIABLE = YES;
				IPHONEOS_DEPLOYMENT_TARGET = 8.1;
				MTL_ENABLE_DEBUG_INFO = YES;
				ONLY_ACTIVE_ARCH = YES;
				SDKROOT = iphoneos;
				SWIFT_OPTIMIZATION_LEVEL = "-Onone";
				TARGETED_DEVICE_FAMILY = "1,2";
			};
			name = Debug;
		};
		84D999091A4F5ED800B2ACBA /* Release */ = {
			isa = XCBuildConfiguration;
			buildSettings = {
				ALWAYS_SEARCH_USER_PATHS = NO;
				CLANG_CXX_LANGUAGE_STANDARD = "gnu++0x";
				CLANG_CXX_LIBRARY = "libc++";
				CLANG_ENABLE_MODULES = YES;
				CLANG_ENABLE_OBJC_ARC = YES;
				CLANG_WARN_BOOL_CONVERSION = YES;
				CLANG_WARN_CONSTANT_CONVERSION = YES;
				CLANG_WARN_DIRECT_OBJC_ISA_USAGE = YES_ERROR;
				CLANG_WARN_EMPTY_BODY = YES;
				CLANG_WARN_ENUM_CONVERSION = YES;
				CLANG_WARN_INT_CONVERSION = YES;
				CLANG_WARN_OBJC_ROOT_CLASS = YES_ERROR;
				CLANG_WARN_UNREACHABLE_CODE = YES;
				CLANG_WARN__DUPLICATE_METHOD_MATCH = YES;
				"CODE_SIGN_IDENTITY[sdk=iphoneos*]" = "iPhone Developer";
				COPY_PHASE_STRIP = YES;
				ENABLE_NS_ASSERTIONS = NO;
				ENABLE_STRICT_OBJC_MSGSEND = YES;
				GCC_C_LANGUAGE_STANDARD = gnu99;
				GCC_WARN_64_TO_32_BIT_CONVERSION = YES;
				GCC_WARN_ABOUT_RETURN_TYPE = YES_ERROR;
				GCC_WARN_UNDECLARED_SELECTOR = YES;
				GCC_WARN_UNINITIALIZED_AUTOS = YES_AGGRESSIVE;
				GCC_WARN_UNUSED_FUNCTION = YES;
				GCC_WARN_UNUSED_VARIABLE = YES;
				IPHONEOS_DEPLOYMENT_TARGET = 8.1;
				MTL_ENABLE_DEBUG_INFO = NO;
				SDKROOT = iphoneos;
				TARGETED_DEVICE_FAMILY = "1,2";
				VALIDATE_PRODUCT = YES;
			};
			name = Release;
		};
		84D9990B1A4F5ED800B2ACBA /* Debug */ = {
			isa = XCBuildConfiguration;
			buildSettings = {
				ASSETCATALOG_COMPILER_APPICON_NAME = AppIcon;
				INFOPLIST_FILE = Postcard/Info.plist;
				LD_RUNPATH_SEARCH_PATHS = "$(inherited) @executable_path/Frameworks";
				PRODUCT_NAME = "$(TARGET_NAME)";
			};
			name = Debug;
		};
		84D9990C1A4F5ED800B2ACBA /* Release */ = {
			isa = XCBuildConfiguration;
			buildSettings = {
				ASSETCATALOG_COMPILER_APPICON_NAME = AppIcon;
				INFOPLIST_FILE = Postcard/Info.plist;
				LD_RUNPATH_SEARCH_PATHS = "$(inherited) @executable_path/Frameworks";
				PRODUCT_NAME = "$(TARGET_NAME)";
			};
			name = Release;
		};
		84D9990E1A4F5ED800B2ACBA /* Debug */ = {
			isa = XCBuildConfiguration;
			buildSettings = {
				BUNDLE_LOADER = "$(TEST_HOST)";
				FRAMEWORK_SEARCH_PATHS = (
					"$(SDKROOT)/Developer/Library/Frameworks",
					"$(inherited)",
				);
				GCC_PREPROCESSOR_DEFINITIONS = (
					"DEBUG=1",
					"$(inherited)",
				);
				INFOPLIST_FILE = PostcardTests/Info.plist;
				LD_RUNPATH_SEARCH_PATHS = "$(inherited) @executable_path/Frameworks @loader_path/Frameworks";
				PRODUCT_NAME = "$(TARGET_NAME)";
				TEST_HOST = "$(BUILT_PRODUCTS_DIR)/Postcard.app/Postcard";
			};
			name = Debug;
		};
		84D9990F1A4F5ED800B2ACBA /* Release */ = {
			isa = XCBuildConfiguration;
			buildSettings = {
				BUNDLE_LOADER = "$(TEST_HOST)";
				FRAMEWORK_SEARCH_PATHS = (
					"$(SDKROOT)/Developer/Library/Frameworks",
					"$(inherited)",
				);
				INFOPLIST_FILE = PostcardTests/Info.plist;
				LD_RUNPATH_SEARCH_PATHS = "$(inherited) @executable_path/Frameworks @loader_path/Frameworks";
				PRODUCT_NAME = "$(TARGET_NAME)";
				TEST_HOST = "$(BUILT_PRODUCTS_DIR)/Postcard.app/Postcard";
			};
			name = Release;
		};
/* End XCBuildConfiguration section */

/* Begin XCConfigurationList section */
		84D998E31A4F5ED800B2ACBA /* Build configuration list for PBXProject "Postcard" */ = {
			isa = XCConfigurationList;
			buildConfigurations = (
				84D999081A4F5ED800B2ACBA /* Debug */,
				84D999091A4F5ED800B2ACBA /* Release */,
			);
			defaultConfigurationIsVisible = 0;
			defaultConfigurationName = Release;
		};
		84D9990A1A4F5ED800B2ACBA /* Build configuration list for PBXNativeTarget "Postcard" */ = {
			isa = XCConfigurationList;
			buildConfigurations = (
				84D9990B1A4F5ED800B2ACBA /* Debug */,
				84D9990C1A4F5ED800B2ACBA /* Release */,
			);
			defaultConfigurationIsVisible = 0;
		};
		84D9990D1A4F5ED800B2ACBA /* Build configuration list for PBXNativeTarget "PostcardTests" */ = {
			isa = XCConfigurationList;
			buildConfigurations = (
				84D9990E1A4F5ED800B2ACBA /* Debug */,
				84D9990F1A4F5ED800B2ACBA /* Release */,
			);
			defaultConfigurationIsVisible = 0;
		};
/* End XCConfigurationList section */

/* Begin XCVersionGroup section */
		84D998EF1A4F5ED800B2ACBA /* Postcard.xcdatamodeld */ = {
			isa = XCVersionGroup;
			children = (
				84D998F01A4F5ED800B2ACBA /* Postcard.xcdatamodel */,
			);
			currentVersion = 84D998F01A4F5ED800B2ACBA /* Postcard.xcdatamodel */;
			path = Postcard.xcdatamodeld;
			sourceTree = "<group>";
			versionGroupType = wrapper.xcdatamodel;
		};
/* End XCVersionGroup section */
	};
	rootObject = 84D998E01A4F5ED800B2ACBA /* Project object */;
}
